
Microsoft Visual Studio Solution File, Format Version 12.00
# Visual Studio 15
VisualStudioVersion = 15.0.26730.8
MinimumVisualStudioVersion = 10.0.40219.1
Project("{FAE04EC0-301F-11D3-BF4B-00C04F79EFBC}") = "NetworkRenameTool", "NetworkRenameTool.csproj", "{1B2C3A01-74BE-46A1-9626-2C7F7A0D8520}"
EndProject
Global
	GlobalSection(SolutionConfigurationPlatforms) = preSolution
		Debug|Any CPU = Debug|Any CPU
		Release|Any CPU = Release|Any CPU
	EndGlobalSection
	GlobalSection(ProjectConfigurationPlatforms) = postSolution
		{1B2C3A01-74BE-46A1-9626-2C7F7A0D8520}.Debug|Any CPU.ActiveCfg = Debug|Any CPU
		{1B2C3A01-74BE-46A1-9626-2C7F7A0D8520}.Debug|Any CPU.Build.0 = Debug|Any CPU
		{1B2C3A01-74BE-46A1-9626-2C7F7A0D8520}.Release|Any CPU.ActiveCfg = Release|Any CPU
		{1B2C3A01-74BE-46A1-9626-2C7F7A0D8520}.Release|Any CPU.Build.0 = Release|Any CPU
	EndGlobalSection
	GlobalSection(SolutionProperties) = preSolution
		HideSolutionNode = FALSE
	EndGlobalSection
	GlobalSection(ExtensibilityGlobals) = postSolution
		SolutionGuid = {9CD810E2-E9F5-40AC-89D5-631F4B7E4244}
	EndGlobalSection
EndGlobal
